// !$*UTF8*$!
{
	archiveVersion = 1;
	classes = {
	};
	objectVersion = 46;
	objects = {

/* Begin PBXBuildFile section */
		D5DDEA061C3AF3DE0067A5BD /* PASpinner.h in Headers */ = {isa = PBXBuildFile; fileRef = D5DDEA051C3AF3DE0067A5BD /* PASpinner.h */; settings = {ATTRIBUTES = (Public, ); }; };
		D5DDEA0D1C3AF3DE0067A5BD /* PASpinner.framework in Frameworks */ = {isa = PBXBuildFile; fileRef = D5DDEA021C3AF3DE0067A5BD /* PASpinner.framework */; };
		D5DDEA121C3AF3DE0067A5BD /* PASpinnerTests.swift in Sources */ = {isa = PBXBuildFile; fileRef = D5DDEA111C3AF3DE0067A5BD /* PASpinnerTests.swift */; };
		D5DDEA1E1C3AF3F10067A5BD /* CustomView.swift in Sources */ = {isa = PBXBuildFile; fileRef = D5DDEA1C1C3AF3F10067A5BD /* CustomView.swift */; };
		D5DDEA1F1C3AF3F10067A5BD /* QCMethod.swift in Sources */ = {isa = PBXBuildFile; fileRef = D5DDEA1D1C3AF3F10067A5BD /* QCMethod.swift */; };
/* End PBXBuildFile section */

/* Begin PBXContainerItemProxy section */
		D5DDEA0E1C3AF3DE0067A5BD /* PBXContainerItemProxy */ = {
			isa = PBXContainerItemProxy;
			containerPortal = D5DDE9F91C3AF3DD0067A5BD /* Project object */;
			proxyType = 1;
			remoteGlobalIDString = D5DDEA011C3AF3DD0067A5BD;
			remoteInfo = PASpinner;
		};
/* End PBXContainerItemProxy section */

/* Begin PBXFileReference section */
		D5DDEA021C3AF3DE0067A5BD /* PASpinner.framework */ = {isa = PBXFileReference; explicitFileType = wrapper.framework; includeInIndex = 0; path = PASpinner.framework; sourceTree = BUILT_PRODUCTS_DIR; };
		D5DDEA051C3AF3DE0067A5BD /* PASpinner.h */ = {isa = PBXFileReference; lastKnownFileType = sourcecode.c.h; path = PASpinner.h; sourceTree = "<group>"; };
		D5DDEA071C3AF3DE0067A5BD /* Info.plist */ = {isa = PBXFileReference; lastKnownFileType = text.plist.xml; path = Info.plist; sourceTree = "<group>"; };
		D5DDEA0C1C3AF3DE0067A5BD /* PASpinnerTests.xctest */ = {isa = PBXFileReference; explicitFileType = wrapper.cfbundle; includeInIndex = 0; path = PASpinnerTests.xctest; sourceTree = BUILT_PRODUCTS_DIR; };
		D5DDEA111C3AF3DE0067A5BD /* PASpinnerTests.swift */ = {isa = PBXFileReference; lastKnownFileType = sourcecode.swift; path = PASpinnerTests.swift; sourceTree = "<group>"; };
		D5DDEA131C3AF3DE0067A5BD /* Info.plist */ = {isa = PBXFileReference; lastKnownFileType = text.plist.xml; path = Info.plist; sourceTree = "<group>"; };
		D5DDEA1C1C3AF3F10067A5BD /* CustomView.swift */ = {isa = PBXFileReference; fileEncoding = 4; lastKnownFileType = sourcecode.swift; path = CustomView.swift; sourceTree = "<group>"; };
		D5DDEA1D1C3AF3F10067A5BD /* QCMethod.swift */ = {isa = PBXFileReference; fileEncoding = 4; lastKnownFileType = sourcecode.swift; path = QCMethod.swift; sourceTree = "<group>"; };
/* End PBXFileReference section */

/* Begin PBXFrameworksBuildPhase section */
		D5DDE9FE1C3AF3DD0067A5BD /* Frameworks */ = {
			isa = PBXFrameworksBuildPhase;
			buildActionMask = 2147483647;
			files = (
			);
			runOnlyForDeploymentPostprocessing = 0;
		};
		D5DDEA091C3AF3DE0067A5BD /* Frameworks */ = {
			isa = PBXFrameworksBuildPhase;
			buildActionMask = 2147483647;
			files = (
				D5DDEA0D1C3AF3DE0067A5BD /* PASpinner.framework in Frameworks */,
			);
			runOnlyForDeploymentPostprocessing = 0;
		};
/* End PBXFrameworksBuildPhase section */

/* Begin PBXGroup section */
		D5DDE9F81C3AF3DD0067A5BD = {
			isa = PBXGroup;
			children = (
				D5DDEA041C3AF3DE0067A5BD /* PASpinner */,
				D5DDEA101C3AF3DE0067A5BD /* PASpinnerTests */,
				D5DDEA031C3AF3DE0067A5BD /* Products */,
			);
			sourceTree = "<group>";
		};
		D5DDEA031C3AF3DE0067A5BD /* Products */ = {
			isa = PBXGroup;
			children = (
				D5DDEA021C3AF3DE0067A5BD /* PASpinner.framework */,
				D5DDEA0C1C3AF3DE0067A5BD /* PASpinnerTests.xctest */,
			);
			name = Products;
			sourceTree = "<group>";
		};
		D5DDEA041C3AF3DE0067A5BD /* PASpinner */ = {
			isa = PBXGroup;
			children = (
				D5DDEA1C1C3AF3F10067A5BD /* CustomView.swift */,
				D5DDEA1D1C3AF3F10067A5BD /* QCMethod.swift */,
				D5DDEA051C3AF3DE0067A5BD /* PASpinner.h */,
				D5DDEA071C3AF3DE0067A5BD /* Info.plist */,
			);
			path = PASpinner;
			sourceTree = "<group>";
		};
		D5DDEA101C3AF3DE0067A5BD /* PASpinnerTests */ = {
			isa = PBXGroup;
			children = (
				D5DDEA111C3AF3DE0067A5BD /* PASpinnerTests.swift */,
				D5DDEA131C3AF3DE0067A5BD /* Info.plist */,
			);
			path = PASpinnerTests;
			sourceTree = "<group>";
		};
/* End PBXGroup section */

/* Begin PBXHeadersBuildPhase section */
		D5DDE9FF1C3AF3DD0067A5BD /* Headers */ = {
			isa = PBXHeadersBuildPhase;
			buildActionMask = 2147483647;
			files = (
				D5DDEA061C3AF3DE0067A5BD /* PASpinner.h in Headers */,
			);
			runOnlyForDeploymentPostprocessing = 0;
		};
/* End PBXHeadersBuildPhase section */

/* Begin PBXNativeTarget section */
		D5DDEA011C3AF3DD0067A5BD /* PASpinner */ = {
			isa = PBXNativeTarget;
			buildConfigurationList = D5DDEA161C3AF3DE0067A5BD /* Build configuration list for PBXNativeTarget "PASpinner" */;
			buildPhases = (
				D5DDE9FD1C3AF3DD0067A5BD /* Sources */,
				D5DDE9FE1C3AF3DD0067A5BD /* Frameworks */,
				D5DDE9FF1C3AF3DD0067A5BD /* Headers */,
				D5DDEA001C3AF3DD0067A5BD /* Resources */,
			);
			buildRules = (
			);
			dependencies = (
			);
			name = PASpinner;
			productName = PASpinner;
			productReference = D5DDEA021C3AF3DE0067A5BD /* PASpinner.framework */;
			productType = "com.apple.product-type.framework";
		};
		D5DDEA0B1C3AF3DE0067A5BD /* PASpinnerTests */ = {
			isa = PBXNativeTarget;
			buildConfigurationList = D5DDEA191C3AF3DE0067A5BD /* Build configuration list for PBXNativeTarget "PASpinnerTests" */;
			buildPhases = (
				D5DDEA081C3AF3DE0067A5BD /* Sources */,
				D5DDEA091C3AF3DE0067A5BD /* Frameworks */,
				D5DDEA0A1C3AF3DE0067A5BD /* Resources */,
			);
			buildRules = (
			);
			dependencies = (
				D5DDEA0F1C3AF3DE0067A5BD /* PBXTargetDependency */,
			);
			name = PASpinnerTests;
			productName = PASpinnerTests;
			productReference = D5DDEA0C1C3AF3DE0067A5BD /* PASpinnerTests.xctest */;
			productType = "com.apple.product-type.bundle.unit-test";
		};
/* End PBXNativeTarget section */

/* Begin PBXProject section */
		D5DDE9F91C3AF3DD0067A5BD /* Project object */ = {
			isa = PBXProject;
			attributes = {
				LastSwiftUpdateCheck = 0720;
				LastUpgradeCheck = 0720;
				ORGANIZATIONNAME = "Parth Adroja";
				TargetAttributes = {
					D5DDEA011C3AF3DD0067A5BD = {
						CreatedOnToolsVersion = 7.2;
						DevelopmentTeam = 9MXB9EHJSS;
					};
					D5DDEA0B1C3AF3DE0067A5BD = {
						CreatedOnToolsVersion = 7.2;
						DevelopmentTeam = 9MXB9EHJSS;
					};
				};
			};
			buildConfigurationList = D5DDE9FC1C3AF3DD0067A5BD /* Build configuration list for PBXProject "PASpinner" */;
			compatibilityVersion = "Xcode 3.2";
			developmentRegion = English;
			hasScannedForEncodings = 0;
			knownRegions = (
				en,
			);
			mainGroup = D5DDE9F81C3AF3DD0067A5BD;
			productRefGroup = D5DDEA031C3AF3DE0067A5BD /* Products */;
			projectDirPath = "";
			projectRoot = "";
			targets = (
				D5DDEA011C3AF3DD0067A5BD /* PASpinner */,
				D5DDEA0B1C3AF3DE0067A5BD /* PASpinnerTests */,
			);
		};
/* End PBXProject section */

/* Begin PBXResourcesBuildPhase section */
		D5DDEA001C3AF3DD0067A5BD /* Resources */ = {
			isa = PBXResourcesBuildPhase;
			buildActionMask = 2147483647;
			files = (
			);
			runOnlyForDeploymentPostprocessing = 0;
		};
		D5DDEA0A1C3AF3DE0067A5BD /* Resources */ = {
			isa = PBXResourcesBuildPhase;
			buildActionMask = 2147483647;
			files = (
			);
			runOnlyForDeploymentPostprocessing = 0;
		};
/* End PBXResourcesBuildPhase section */

/* Begin PBXSourcesBuildPhase section */
		D5DDE9FD1C3AF3DD0067A5BD /* Sources */ = {
			isa = PBXSourcesBuildPhase;
			buildActionMask = 2147483647;
			files = (
				D5DDEA1F1C3AF3F10067A5BD /* QCMethod.swift in Sources */,
				D5DDEA1E1C3AF3F10067A5BD /* CustomView.swift in Sources */,
			);
			runOnlyForDeploymentPostprocessing = 0;
		};
		D5DDEA081C3AF3DE0067A5BD /* Sources */ = {
			isa = PBXSourcesBuildPhase;
			buildActionMask = 2147483647;
			files = (
				D5DDEA121C3AF3DE0067A5BD /* PASpinnerTests.swift in Sources */,
			);
			runOnlyForDeploymentPostprocessing = 0;
		};
/* End PBXSourcesBuildPhase section */

/* Begin PBXTargetDependency section */
		D5DDEA0F1C3AF3DE0067A5BD /* PBXTargetDependency */ = {
			isa = PBXTargetDependency;
			target = D5DDEA011C3AF3DD0067A5BD /* PASpinner */;
			targetProxy = D5DDEA0E1C3AF3DE0067A5BD /* PBXContainerItemProxy */;
		};
/* End PBXTargetDependency section */

/* Begin XCBuildConfiguration section */
		D5DDEA141C3AF3DE0067A5BD /* Debug */ = {
			isa = XCBuildConfiguration;
			buildSettings = {
				ALWAYS_SEARCH_USER_PATHS = NO;
				CLANG_CXX_LANGUAGE_STANDARD = "gnu++0x";
				CLANG_CXX_LIBRARY = "libc++";
				CLANG_ENABLE_MODULES = YES;
				CLANG_ENABLE_OBJC_ARC = YES;
				CLANG_WARN_BOOL_CONVERSION = YES;
				CLANG_WARN_CONSTANT_CONVERSION = YES;
				CLANG_WARN_DIRECT_OBJC_ISA_USAGE = YES_ERROR;
				CLANG_WARN_EMPTY_BODY = YES;
				CLANG_WARN_ENUM_CONVERSION = YES;
				CLANG_WARN_INT_CONVERSION = YES;
				CLANG_WARN_OBJC_ROOT_CLASS = YES_ERROR;
				CLANG_WARN_UNREACHABLE_CODE = YES;
				CLANG_WARN__DUPLICATE_METHOD_MATCH = YES;
				"CODE_SIGN_IDENTITY[sdk=iphoneos*]" = "iPhone Developer";
				COPY_PHASE_STRIP = NO;
				CURRENT_PROJECT_VERSION = 1;
				DEBUG_INFORMATION_FORMAT = dwarf;
				ENABLE_STRICT_OBJC_MSGSEND = YES;
				ENABLE_TESTABILITY = YES;
				GCC_C_LANGUAGE_STANDARD = gnu99;
				GCC_DYNAMIC_NO_PIC = NO;
				GCC_NO_COMMON_BLOCKS = YES;
				GCC_OPTIMIZATION_LEVEL = 0;
				GCC_PREPROCESSOR_DEFINITIONS = (
					"DEBUG=1",
					"$(inherited)",
				);
				GCC_WARN_64_TO_32_BIT_CONVERSION = YES;
				GCC_WARN_ABOUT_RETURN_TYPE = YES_ERROR;
				GCC_WARN_UNDECLARED_SELECTOR = YES;
				GCC_WARN_UNINITIALIZED_AUTOS = YES_AGGRESSIVE;
				GCC_WARN_UNUSED_FUNCTION = YES;
				GCC_WARN_UNUSED_VARIABLE = YES;
				IPHONEOS_DEPLOYMENT_TARGET = 9.2;
				MTL_ENABLE_DEBUG_INFO = YES;
				ONLY_ACTIVE_ARCH = YES;
				SDKROOT = iphoneos;
				SWIFT_OPTIMIZATION_LEVEL = "-Onone";
				TARGETED_DEVICE_FAMILY = "1,2";
				VERSIONING_SYSTEM = "apple-generic";
				VERSION_INFO_PREFIX = "";
			};
			name = Debug;
		};
		D5DDEA151C3AF3DE0067A5BD /* Release */ = {
			isa = XCBuildConfiguration;
			buildSettings = {
				ALWAYS_SEARCH_USER_PATHS = NO;
				CLANG_CXX_LANGUAGE_STANDARD = "gnu++0x";
				CLANG_CXX_LIBRARY = "libc++";
				CLANG_ENABLE_MODULES = YES;
				CLANG_ENABLE_OBJC_ARC = YES;
				CLANG_WARN_BOOL_CONVERSION = YES;
				CLANG_WARN_CONSTANT_CONVERSION = YES;
				CLANG_WARN_DIRECT_OBJC_ISA_USAGE = YES_ERROR;
				CLANG_WARN_EMPTY_BODY = YES;
				CLANG_WARN_ENUM_CONVERSION = YES;
				CLANG_WARN_INT_CONVERSION = YES;
				CLANG_WARN_OBJC_ROOT_CLASS = YES_ERROR;
				CLANG_WARN_UNREACHABLE_CODE = YES;
				CLANG_WARN__DUPLICATE_METHOD_MATCH = YES;
				"CODE_SIGN_IDENTITY[sdk=iphoneos*]" = "iPhone Developer";
				COPY_PHASE_STRIP = NO;
				CURRENT_PROJECT_VERSION = 1;
				DEBUG_INFORMATION_FORMAT = "dwarf-with-dsym";
				ENABLE_NS_ASSERTIONS = NO;
				ENABLE_STRICT_OBJC_MSGSEND = YES;
				GCC_C_LANGUAGE_STANDARD = gnu99;
				GCC_NO_COMMON_BLOCKS = YES;
				GCC_WARN_64_TO_32_BIT_CONVERSION = YES;
				GCC_WARN_ABOUT_RETURN_TYPE = YES_ERROR;
				GCC_WARN_UNDECLARED_SELECTOR = YES;
				GCC_WARN_UNINITIALIZED_AUTOS = YES_AGGRESSIVE;
				GCC_WARN_UNUSED_FUNCTION = YES;
				GCC_WARN_UNUSED_VARIABLE = YES;
				IPHONEOS_DEPLOYMENT_TARGET = 9.2;
				MTL_ENABLE_DEBUG_INFO = NO;
				SDKROOT = iphoneos;
				TARGETED_DEVICE_FAMILY = "1,2";
				VALIDATE_PRODUCT = YES;
				VERSIONING_SYSTEM = "apple-generic";
				VERSION_INFO_PREFIX = "";
			};
			name = Release;
		};
		D5DDEA171C3AF3DE0067A5BD /* Debug */ = {
			isa = XCBuildConfiguration;
			buildSettings = {
				CLANG_ENABLE_MODULES = YES;
				DEFINES_MODULE = YES;
				DYLIB_COMPATIBILITY_VERSION = 1;
				DYLIB_CURRENT_VERSION = 1;
				DYLIB_INSTALL_NAME_BASE = "@rpath";
				INFOPLIST_FILE = PASpinner/Info.plist;
				INSTALL_PATH = "$(LOCAL_LIBRARY_DIR)/Frameworks";
				LD_RUNPATH_SEARCH_PATHS = "$(inherited) @executable_path/Frameworks @loader_path/Frameworks";
				PRODUCT_BUNDLE_IDENTIFIER = com.mastermind.PASpinner;
				PRODUCT_NAME = "$(TARGET_NAME)";
				SKIP_INSTALL = YES;
				SWIFT_OPTIMIZATION_LEVEL = "-Onone";
			};
			name = Debug;
		};
		D5DDEA181C3AF3DE0067A5BD /* Release */ = {
			isa = XCBuildConfiguration;
			buildSettings = {
				CLANG_ENABLE_MODULES = YES;
				DEFINES_MODULE = YES;
				DYLIB_COMPATIBILITY_VERSION = 1;
				DYLIB_CURRENT_VERSION = 1;
				DYLIB_INSTALL_NAME_BASE = "@rpath";
				INFOPLIST_FILE = PASpinner/Info.plist;
				INSTALL_PATH = "$(LOCAL_LIBRARY_DIR)/Frameworks";
				LD_RUNPATH_SEARCH_PATHS = "$(inherited) @executable_path/Frameworks @loader_path/Frameworks";
				PRODUCT_BUNDLE_IDENTIFIER = com.mastermind.PASpinner;
				PRODUCT_NAME = "$(TARGET_NAME)";
				SKIP_INSTALL = YES;
			};
			name = Release;
		};
		D5DDEA1A1C3AF3DE0067A5BD /* Debug */ = {
			isa = XCBuildConfiguration;
			buildSettings = {
				INFOPLIST_FILE = PASpinnerTests/Info.plist;
				LD_RUNPATH_SEARCH_PATHS = "$(inherited) @executable_path/Frameworks @loader_path/Frameworks";
				PRODUCT_BUNDLE_IDENTIFIER = com.mastermind.PASpinnerTests;
				PRODUCT_NAME = "$(TARGET_NAME)";
			};
			name = Debug;
		};
		D5DDEA1B1C3AF3DE0067A5BD /* Release */ = {
			isa = XCBuildConfiguration;
			buildSettings = {
				INFOPLIST_FILE = PASpinnerTests/Info.plist;
				LD_RUNPATH_SEARCH_PATHS = "$(inherited) @executable_path/Frameworks @loader_path/Frameworks";
				PRODUCT_BUNDLE_IDENTIFIER = com.mastermind.PASpinnerTests;
				PRODUCT_NAME = "$(TARGET_NAME)";
			};
			name = Release;
		};
/* End XCBuildConfiguration section */

/* Begin XCConfigurationList section */
		D5DDE9FC1C3AF3DD0067A5BD /* Build configuration list for PBXProject "PASpinner" */ = {
			isa = XCConfigurationList;
			buildConfigurations = (
				D5DDEA141C3AF3DE0067A5BD /* Debug */,
				D5DDEA151C3AF3DE0067A5BD /* Release */,
			);
			defaultConfigurationIsVisible = 0;
			defaultConfigurationName = Release;
		};
		D5DDEA161C3AF3DE0067A5BD /* Build configuration list for PBXNativeTarget "PASpinner" */ = {
			isa = XCConfigurationList;
			buildConfigurations = (
				D5DDEA171C3AF3DE0067A5BD /* Debug */,
				D5DDEA181C3AF3DE0067A5BD /* Release */,
			);
			defaultConfigurationIsVisible = 0;
		};
		D5DDEA191C3AF3DE0067A5BD /* Build configuration list for PBXNativeTarget "PASpinnerTests" */ = {
			isa = XCConfigurationList;
			buildConfigurations = (
				D5DDEA1A1C3AF3DE0067A5BD /* Debug */,
				D5DDEA1B1C3AF3DE0067A5BD /* Release */,
			);
			defaultConfigurationIsVisible = 0;
		};
/* End XCConfigurationList section */
	};
	rootObject = D5DDE9F91C3AF3DD0067A5BD /* Project object */;
}
